
Microsoft Visual Studio Solution File, Format Version 12.00
# Visual Studio Version 17
VisualStudioVersion = 17.1.32421.90
MinimumVisualStudioVersion = 10.0.40219.1
Project("{FAE04EC0-301F-11D3-BF4B-00C04F79EFBC}") = "DownloadManager", "DownloadManager\DownloadManager.csproj", "{304F9729-6F3E-4436-9C2D-B510BADFE27A}"
EndProject
Global
	GlobalSection(SolutionConfigurationPlatforms) = preSolution
		Debug|Any CPU = Debug|Any CPU
		Release|Any CPU = Release|Any CPU
	EndGlobalSection
	GlobalSection(ProjectConfigurationPlatforms) = postSolution
		{304F9729-6F3E-4436-9C2D-B510BADFE27A}.Debug|Any CPU.ActiveCfg = Debug|Any CPU
		{304F9729-6F3E-4436-9C2D-B510BADFE27A}.Debug|Any CPU.Build.0 = Debug|Any CPU
		{304F9729-6F3E-4436-9C2D-B510BADFE27A}.Release|Any CPU.ActiveCfg = Release|Any CPU
		{304F9729-6F3E-4436-9C2D-B510BADFE27A}.Release|Any CPU.Build.0 = Release|Any CPU
	EndGlobalSection
	GlobalSection(SolutionProperties) = preSolution
		HideSolutionNode = FALSE
	EndGlobalSection
	GlobalSection(ExtensibilityGlobals) = postSolution
		SolutionGuid = {885BF074-02B7-4536-BDE8-A9F8722EB552}
	EndGlobalSection
EndGlobal
